
Microsoft Visual Studio Solution File, Format Version 12.00
# Visual Studio Version 16
VisualStudioVersion = 16.0.31702.278
MinimumVisualStudioVersion = 10.0.40219.1
Project("{FAE04EC0-301F-11D3-BF4B-00C04F79EFBC}") = "panaderiaAPI", "panaderiaAPI\panaderiaAPI.csproj", "{98E679B9-6FC5-43D0-944A-5662419A6D26}"
EndProject
Global
	GlobalSection(SolutionConfigurationPlatforms) = preSolution
		Debug|Any CPU = Debug|Any CPU
		Release|Any CPU = Release|Any CPU
	EndGlobalSection
	GlobalSection(ProjectConfigurationPlatforms) = postSolution
		{98E679B9-6FC5-43D0-944A-5662419A6D26}.Debug|Any CPU.ActiveCfg = Debug|Any CPU
		{98E679B9-6FC5-43D0-944A-5662419A6D26}.Debug|Any CPU.Build.0 = Debug|Any CPU
		{98E679B9-6FC5-43D0-944A-5662419A6D26}.Release|Any CPU.ActiveCfg = Release|Any CPU
		{98E679B9-6FC5-43D0-944A-5662419A6D26}.Release|Any CPU.Build.0 = Release|Any CPU
	EndGlobalSection
	GlobalSection(SolutionProperties) = preSolution
		HideSolutionNode = FALSE
	EndGlobalSection
	GlobalSection(ExtensibilityGlobals) = postSolution
		SolutionGuid = {0DBCBD89-6D75-46AF-B62B-E6C3741FA5D3}
	EndGlobalSection
EndGlobal
